
Microsoft Visual Studio Solution File, Format Version 12.00
# Visual Studio Version 17
VisualStudioVersion = 17.12.35209.166
MinimumVisualStudioVersion = 10.0.40219.1
Project("{FAE04EC0-301F-11D3-BF4B-00C04F79EFBC}") = "BlazorTicTacToe", "BlazorTicTacToe\BlazorTicTacToe\BlazorTicTacToe.csproj", "{17B5E886-C092-428E-9079-7CDB70856788}"
EndProject
Project("{FAE04EC0-301F-11D3-BF4B-00C04F79EFBC}") = "BlazorTicTacToe.Client", "BlazorTicTacToe\BlazorTicTacToe.Client\BlazorTicTacToe.Client.csproj", "{289249BA-5BE7-454E-AA2D-1DCE0808A32F}"
EndProject
Project("{FAE04EC0-301F-11D3-BF4B-00C04F79EFBC}") = "BlazorTicTacToe.Shared", "BlazorTicTacToe.Shared\BlazorTicTacToe.Shared.csproj", "{BE2A6E82-7A74-49B9-A072-B0D939456EAC}"
EndProject
Global
	GlobalSection(SolutionConfigurationPlatforms) = preSolution
		Debug|Any CPU = Debug|Any CPU
		Release|Any CPU = Release|Any CPU
	EndGlobalSection
	GlobalSection(ProjectConfigurationPlatforms) = postSolution
		{17B5E886-C092-428E-9079-7CDB70856788}.Debug|Any CPU.ActiveCfg = Debug|Any CPU
		{17B5E886-C092-428E-9079-7CDB70856788}.Debug|Any CPU.Build.0 = Debug|Any CPU
		{17B5E886-C092-428E-9079-7CDB70856788}.Release|Any CPU.ActiveCfg = Release|Any CPU
		{17B5E886-C092-428E-9079-7CDB70856788}.Release|Any CPU.Build.0 = Release|Any CPU
		{289249BA-5BE7-454E-AA2D-1DCE0808A32F}.Debug|Any CPU.ActiveCfg = Debug|Any CPU
		{289249BA-5BE7-454E-AA2D-1DCE0808A32F}.Debug|Any CPU.Build.0 = Debug|Any CPU
		{289249BA-5BE7-454E-AA2D-1DCE0808A32F}.Release|Any CPU.ActiveCfg = Release|Any CPU
		{289249BA-5BE7-454E-AA2D-1DCE0808A32F}.Release|Any CPU.Build.0 = Release|Any CPU
		{BE2A6E82-7A74-49B9-A072-B0D939456EAC}.Debug|Any CPU.ActiveCfg = Debug|Any CPU
		{BE2A6E82-7A74-49B9-A072-B0D939456EAC}.Debug|Any CPU.Build.0 = Debug|Any CPU
		{BE2A6E82-7A74-49B9-A072-B0D939456EAC}.Release|Any CPU.ActiveCfg = Release|Any CPU
		{BE2A6E82-7A74-49B9-A072-B0D939456EAC}.Release|Any CPU.Build.0 = Release|Any CPU
	EndGlobalSection
	GlobalSection(SolutionProperties) = preSolution
		HideSolutionNode = FALSE
	EndGlobalSection
	GlobalSection(ExtensibilityGlobals) = postSolution
		SolutionGuid = {04EABFD7-883A-4085-93E6-89BD81DF91FA}
	EndGlobalSection
EndGlobal
